// !$*UTF8*$!
{
	archiveVersion = 1;
	classes = {
	};
	objectVersion = 50;
	objects = {

/* Begin PBXBuildFile section */
		DD658A1325F0DD0E00DF6882 /* AppDelegate.swift in Sources */ = {isa = PBXBuildFile; fileRef = DD658A1225F0DD0E00DF6882 /* AppDelegate.swift */; };
		DD658A1525F0DD0E00DF6882 /* SceneDelegate.swift in Sources */ = {isa = PBXBuildFile; fileRef = DD658A1425F0DD0E00DF6882 /* SceneDelegate.swift */; };
		DD658A1725F0DD0E00DF6882 /* ViewController.swift in Sources */ = {isa = PBXBuildFile; fileRef = DD658A1625F0DD0E00DF6882 /* ViewController.swift */; };
		DD658A1A25F0DD0E00DF6882 /* Main.storyboard in Resources */ = {isa = PBXBuildFile; fileRef = DD658A1825F0DD0E00DF6882 /* Main.storyboard */; };
		DD658A1C25F0DD0F00DF6882 /* Assets.xcassets in Resources */ = {isa = PBXBuildFile; fileRef = DD658A1B25F0DD0F00DF6882 /* Assets.xcassets */; };
		DD658A1F25F0DD0F00DF6882 /* LaunchScreen.storyboard in Resources */ = {isa = PBXBuildFile; fileRef = DD658A1D25F0DD0F00DF6882 /* LaunchScreen.storyboard */; };
		DD658A2825F0DD2800DF6882 /* TableViewTest.storyboard in Resources */ = {isa = PBXBuildFile; fileRef = DD658A2725F0DD2800DF6882 /* TableViewTest.storyboard */; };
		DD658A2B25F0DD4E00DF6882 /* TableViewTestVC.swift in Sources */ = {isa = PBXBuildFile; fileRef = DD658A2A25F0DD4E00DF6882 /* TableViewTestVC.swift */; };
		DD658A2E25F0E3A400DF6882 /* MusicRankCell.swift in Sources */ = {isa = PBXBuildFile; fileRef = DD658A2D25F0E3A400DF6882 /* MusicRankCell.swift */; };
		DD658A3125F0E5EF00DF6882 /* Music.swift in Sources */ = {isa = PBXBuildFile; fileRef = DD658A3025F0E5EF00DF6882 /* Music.swift */; };
		DD658A3425F1088500DF6882 /* MusicInfo.storyboard in Resources */ = {isa = PBXBuildFile; fileRef = DD658A3325F1088500DF6882 /* MusicInfo.storyboard */; };
		DD658A3725F108BB00DF6882 /* MusicInfoVC.swift in Sources */ = {isa = PBXBuildFile; fileRef = DD658A3625F108BB00DF6882 /* MusicInfoVC.swift */; };
/* End PBXBuildFile section */

/* Begin PBXFileReference section */
		DD658A0F25F0DD0E00DF6882 /* TableViewTest.app */ = {isa = PBXFileReference; explicitFileType = wrapper.application; includeInIndex = 0; path = TableViewTest.app; sourceTree = BUILT_PRODUCTS_DIR; };
		DD658A1225F0DD0E00DF6882 /* AppDelegate.swift */ = {isa = PBXFileReference; lastKnownFileType = sourcecode.swift; path = AppDelegate.swift; sourceTree = "<group>"; };
		DD658A1425F0DD0E00DF6882 /* SceneDelegate.swift */ = {isa = PBXFileReference; lastKnownFileType = sourcecode.swift; path = SceneDelegate.swift; sourceTree = "<group>"; };
		DD658A1625F0DD0E00DF6882 /* ViewController.swift */ = {isa = PBXFileReference; lastKnownFileType = sourcecode.swift; path = ViewController.swift; sourceTree = "<group>"; };
		DD658A1925F0DD0E00DF6882 /* Base */ = {isa = PBXFileReference; lastKnownFileType = file.storyboard; name = Base; path = Base.lproj/Main.storyboard; sourceTree = "<group>"; };
		DD658A1B25F0DD0F00DF6882 /* Assets.xcassets */ = {isa = PBXFileReference; lastKnownFileType = folder.assetcatalog; path = Assets.xcassets; sourceTree = "<group>"; };
		DD658A1E25F0DD0F00DF6882 /* Base */ = {isa = PBXFileReference; lastKnownFileType = file.storyboard; name = Base; path = Base.lproj/LaunchScreen.storyboard; sourceTree = "<group>"; };
		DD658A2025F0DD0F00DF6882 /* Info.plist */ = {isa = PBXFileReference; lastKnownFileType = text.plist.xml; path = Info.plist; sourceTree = "<group>"; };
		DD658A2725F0DD2800DF6882 /* TableViewTest.storyboard */ = {isa = PBXFileReference; lastKnownFileType = file.storyboard; path = TableViewTest.storyboard; sourceTree = "<group>"; };
		DD658A2A25F0DD4E00DF6882 /* TableViewTestVC.swift */ = {isa = PBXFileReference; lastKnownFileType = sourcecode.swift; path = TableViewTestVC.swift; sourceTree = "<group>"; };
		DD658A2D25F0E3A400DF6882 /* MusicRankCell.swift */ = {isa = PBXFileReference; lastKnownFileType = sourcecode.swift; path = MusicRankCell.swift; sourceTree = "<group>"; };
		DD658A3025F0E5EF00DF6882 /* Music.swift */ = {isa = PBXFileReference; lastKnownFileType = sourcecode.swift; path = Music.swift; sourceTree = "<group>"; };
		DD658A3325F1088500DF6882 /* MusicInfo.storyboard */ = {isa = PBXFileReference; lastKnownFileType = file.storyboard; path = MusicInfo.storyboard; sourceTree = "<group>"; };
		DD658A3625F108BB00DF6882 /* MusicInfoVC.swift */ = {isa = PBXFileReference; lastKnownFileType = sourcecode.swift; path = MusicInfoVC.swift; sourceTree = "<group>"; };
/* End PBXFileReference section */

/* Begin PBXFrameworksBuildPhase section */
		DD658A0C25F0DD0E00DF6882 /* Frameworks */ = {
			isa = PBXFrameworksBuildPhase;
			buildActionMask = 2147483647;
			files = (
			);
			runOnlyForDeploymentPostprocessing = 0;
		};
/* End PBXFrameworksBuildPhase section */

/* Begin PBXGroup section */
		DD658A0625F0DD0E00DF6882 = {
			isa = PBXGroup;
			children = (
				DD658A2725F0DD2800DF6882 /* TableViewTest.storyboard */,
				DD658A3325F1088500DF6882 /* MusicInfo.storyboard */,
				DD658A3625F108BB00DF6882 /* MusicInfoVC.swift */,
				DD658A2D25F0E3A400DF6882 /* MusicRankCell.swift */,
				DD658A3025F0E5EF00DF6882 /* Music.swift */,
				DD658A2A25F0DD4E00DF6882 /* TableViewTestVC.swift */,
				DD658A1125F0DD0E00DF6882 /* TableViewTest */,
				DD658A1025F0DD0E00DF6882 /* Products */,
			);
			sourceTree = "<group>";
		};
		DD658A1025F0DD0E00DF6882 /* Products */ = {
			isa = PBXGroup;
			children = (
				DD658A0F25F0DD0E00DF6882 /* TableViewTest.app */,
			);
			name = Products;
			sourceTree = "<group>";
		};
		DD658A1125F0DD0E00DF6882 /* TableViewTest */ = {
			isa = PBXGroup;
			children = (
				DD658A1225F0DD0E00DF6882 /* AppDelegate.swift */,
				DD658A1425F0DD0E00DF6882 /* SceneDelegate.swift */,
				DD658A1625F0DD0E00DF6882 /* ViewController.swift */,
				DD658A1825F0DD0E00DF6882 /* Main.storyboard */,
				DD658A1B25F0DD0F00DF6882 /* Assets.xcassets */,
				DD658A1D25F0DD0F00DF6882 /* LaunchScreen.storyboard */,
				DD658A2025F0DD0F00DF6882 /* Info.plist */,
			);
			path = TableViewTest;
			sourceTree = "<group>";
		};
/* End PBXGroup section */

/* Begin PBXNativeTarget section */
		DD658A0E25F0DD0E00DF6882 /* TableViewTest */ = {
			isa = PBXNativeTarget;
			buildConfigurationList = DD658A2325F0DD0F00DF6882 /* Build configuration list for PBXNativeTarget "TableViewTest" */;
			buildPhases = (
				DD658A0B25F0DD0E00DF6882 /* Sources */,
				DD658A0C25F0DD0E00DF6882 /* Frameworks */,
				DD658A0D25F0DD0E00DF6882 /* Resources */,
			);
			buildRules = (
			);
			dependencies = (
			);
			name = TableViewTest;
			productName = TableViewTest;
			productReference = DD658A0F25F0DD0E00DF6882 /* TableViewTest.app */;
			productType = "com.apple.product-type.application";
		};
/* End PBXNativeTarget section */

/* Begin PBXProject section */
		DD658A0725F0DD0E00DF6882 /* Project object */ = {
			isa = PBXProject;
			attributes = {
				LastSwiftUpdateCheck = 1240;
				LastUpgradeCheck = 1240;
				TargetAttributes = {
					DD658A0E25F0DD0E00DF6882 = {
						CreatedOnToolsVersion = 12.4;
					};
				};
			};
			buildConfigurationList = DD658A0A25F0DD0E00DF6882 /* Build configuration list for PBXProject "TableViewTest" */;
			compatibilityVersion = "Xcode 9.3";
			developmentRegion = en;
			hasScannedForEncodings = 0;
			knownRegions = (
				en,
				Base,
			);
			mainGroup = DD658A0625F0DD0E00DF6882;
			productRefGroup = DD658A1025F0DD0E00DF6882 /* Products */;
			projectDirPath = "";
			projectRoot = "";
			targets = (
				DD658A0E25F0DD0E00DF6882 /* TableViewTest */,
			);
		};
/* End PBXProject section */

/* Begin PBXResourcesBuildPhase section */
		DD658A0D25F0DD0E00DF6882 /* Resources */ = {
			isa = PBXResourcesBuildPhase;
			buildActionMask = 2147483647;
			files = (
				DD658A1F25F0DD0F00DF6882 /* LaunchScreen.storyboard in Resources */,
				DD658A3425F1088500DF6882 /* MusicInfo.storyboard in Resources */,
				DD658A1C25F0DD0F00DF6882 /* Assets.xcassets in Resources */,
				DD658A2825F0DD2800DF6882 /* TableViewTest.storyboard in Resources */,
				DD658A1A25F0DD0E00DF6882 /* Main.storyboard in Resources */,
			);
			runOnlyForDeploymentPostprocessing = 0;
		};
/* End PBXResourcesBuildPhase section */

/* Begin PBXSourcesBuildPhase section */
		DD658A0B25F0DD0E00DF6882 /* Sources */ = {
			isa = PBXSourcesBuildPhase;
			buildActionMask = 2147483647;
			files = (
				DD658A2B25F0DD4E00DF6882 /* TableViewTestVC.swift in Sources */,
				DD658A1725F0DD0E00DF6882 /* ViewController.swift in Sources */,
				DD658A1325F0DD0E00DF6882 /* AppDelegate.swift in Sources */,
				DD658A2E25F0E3A400DF6882 /* MusicRankCell.swift in Sources */,
				DD658A1525F0DD0E00DF6882 /* SceneDelegate.swift in Sources */,
				DD658A3725F108BB00DF6882 /* MusicInfoVC.swift in Sources */,
				DD658A3125F0E5EF00DF6882 /* Music.swift in Sources */,
			);
			runOnlyForDeploymentPostprocessing = 0;
		};
/* End PBXSourcesBuildPhase section */

/* Begin PBXVariantGroup section */
		DD658A1825F0DD0E00DF6882 /* Main.storyboard */ = {
			isa = PBXVariantGroup;
			children = (
				DD658A1925F0DD0E00DF6882 /* Base */,
			);
			name = Main.storyboard;
			sourceTree = "<group>";
		};
		DD658A1D25F0DD0F00DF6882 /* LaunchScreen.storyboard */ = {
			isa = PBXVariantGroup;
			children = (
				DD658A1E25F0DD0F00DF6882 /* Base */,
			);
			name = LaunchScreen.storyboard;
			sourceTree = "<group>";
		};
/* End PBXVariantGroup section */

/* Begin XCBuildConfiguration section */
		DD658A2125F0DD0F00DF6882 /* Debug */ = {
			isa = XCBuildConfiguration;
			buildSettings = {
				ALWAYS_SEARCH_USER_PATHS = NO;
				CLANG_ANALYZER_NONNULL = YES;
				CLANG_ANALYZER_NUMBER_OBJECT_CONVERSION = YES_AGGRESSIVE;
				CLANG_CXX_LANGUAGE_STANDARD = "gnu++14";
				CLANG_CXX_LIBRARY = "libc++";
				CLANG_ENABLE_MODULES = YES;
				CLANG_ENABLE_OBJC_ARC = YES;
				CLANG_ENABLE_OBJC_WEAK = YES;
				CLANG_WARN_BLOCK_CAPTURE_AUTORELEASING = YES;
				CLANG_WARN_BOOL_CONVERSION = YES;
				CLANG_WARN_COMMA = YES;
				CLANG_WARN_CONSTANT_CONVERSION = YES;
				CLANG_WARN_DEPRECATED_OBJC_IMPLEMENTATIONS = YES;
				CLANG_WARN_DIRECT_OBJC_ISA_USAGE = YES_ERROR;
				CLANG_WARN_DOCUMENTATION_COMMENTS = YES;
				CLANG_WARN_EMPTY_BODY = YES;
				CLANG_WARN_ENUM_CONVERSION = YES;
				CLANG_WARN_INFINITE_RECURSION = YES;
				CLANG_WARN_INT_CONVERSION = YES;
				CLANG_WARN_NON_LITERAL_NULL_CONVERSION = YES;
				CLANG_WARN_OBJC_IMPLICIT_RETAIN_SELF = YES;
				CLANG_WARN_OBJC_LITERAL_CONVERSION = YES;
				CLANG_WARN_OBJC_ROOT_CLASS = YES_ERROR;
				CLANG_WARN_QUOTED_INCLUDE_IN_FRAMEWORK_HEADER = YES;
				CLANG_WARN_RANGE_LOOP_ANALYSIS = YES;
				CLANG_WARN_STRICT_PROTOTYPES = YES;
				CLANG_WARN_SUSPICIOUS_MOVE = YES;
				CLANG_WARN_UNGUARDED_AVAILABILITY = YES_AGGRESSIVE;
				CLANG_WARN_UNREACHABLE_CODE = YES;
				CLANG_WARN__DUPLICATE_METHOD_MATCH = YES;
				COPY_PHASE_STRIP = NO;
				DEBUG_INFORMATION_FORMAT = dwarf;
				ENABLE_STRICT_OBJC_MSGSEND = YES;
				ENABLE_TESTABILITY = YES;
				GCC_C_LANGUAGE_STANDARD = gnu11;
				GCC_DYNAMIC_NO_PIC = NO;
				GCC_NO_COMMON_BLOCKS = YES;
				GCC_OPTIMIZATION_LEVEL = 0;
				GCC_PREPROCESSOR_DEFINITIONS = (
					"DEBUG=1",
					"$(inherited)",
				);
				GCC_WARN_64_TO_32_BIT_CONVERSION = YES;
				GCC_WARN_ABOUT_RETURN_TYPE = YES_ERROR;
				GCC_WARN_UNDECLARED_SELECTOR = YES;
				GCC_WARN_UNINITIALIZED_AUTOS = YES_AGGRESSIVE;
				GCC_WARN_UNUSED_FUNCTION = YES;
				GCC_WARN_UNUSED_VARIABLE = YES;
				IPHONEOS_DEPLOYMENT_TARGET = 14.4;
				MTL_ENABLE_DEBUG_INFO = INCLUDE_SOURCE;
				MTL_FAST_MATH = YES;
				ONLY_ACTIVE_ARCH = YES;
				SDKROOT = iphoneos;
				SWIFT_ACTIVE_COMPILATION_CONDITIONS = DEBUG;
				SWIFT_OPTIMIZATION_LEVEL = "-Onone";
			};
			name = Debug;
		};
		DD658A2225F0DD0F00DF6882 /* Release */ = {
			isa = XCBuildConfiguration;
			buildSettings = {
				ALWAYS_SEARCH_USER_PATHS = NO;
				CLANG_ANALYZER_NONNULL = YES;
				CLANG_ANALYZER_NUMBER_OBJECT_CONVERSION = YES_AGGRESSIVE;
				CLANG_CXX_LANGUAGE_STANDARD = "gnu++14";
				CLANG_CXX_LIBRARY = "libc++";
				CLANG_ENABLE_MODULES = YES;
				CLANG_ENABLE_OBJC_ARC = YES;
				CLANG_ENABLE_OBJC_WEAK = YES;
				CLANG_WARN_BLOCK_CAPTURE_AUTORELEASING = YES;
				CLANG_WARN_BOOL_CONVERSION = YES;
				CLANG_WARN_COMMA = YES;
				CLANG_WARN_CONSTANT_CONVERSION = YES;
				CLANG_WARN_DEPRECATED_OBJC_IMPLEMENTATIONS = YES;
				CLANG_WARN_DIRECT_OBJC_ISA_USAGE = YES_ERROR;
				CLANG_WARN_DOCUMENTATION_COMMENTS = YES;
				CLANG_WARN_EMPTY_BODY = YES;
				CLANG_WARN_ENUM_CONVERSION = YES;
				CLANG_WARN_INFINITE_RECURSION = YES;
				CLANG_WARN_INT_CONVERSION = YES;
				CLANG_WARN_NON_LITERAL_NULL_CONVERSION = YES;
				CLANG_WARN_OBJC_IMPLICIT_RETAIN_SELF = YES;
				CLANG_WARN_OBJC_LITERAL_CONVERSION = YES;
				CLANG_WARN_OBJC_ROOT_CLASS = YES_ERROR;
				CLANG_WARN_QUOTED_INCLUDE_IN_FRAMEWORK_HEADER = YES;
				CLANG_WARN_RANGE_LOOP_ANALYSIS = YES;
				CLANG_WARN_STRICT_PROTOTYPES = YES;
				CLANG_WARN_SUSPICIOUS_MOVE = YES;
				CLANG_WARN_UNGUARDED_AVAILABILITY = YES_AGGRESSIVE;
				CLANG_WARN_UNREACHABLE_CODE = YES;
				CLANG_WARN__DUPLICATE_METHOD_MATCH = YES;
				COPY_PHASE_STRIP = NO;
				DEBUG_INFORMATION_FORMAT = "dwarf-with-dsym";
				ENABLE_NS_ASSERTIONS = NO;
				ENABLE_STRICT_OBJC_MSGSEND = YES;
				GCC_C_LANGUAGE_STANDARD = gnu11;
				GCC_NO_COMMON_BLOCKS = YES;
				GCC_WARN_64_TO_32_BIT_CONVERSION = YES;
				GCC_WARN_ABOUT_RETURN_TYPE = YES_ERROR;
				GCC_WARN_UNDECLARED_SELECTOR = YES;
				GCC_WARN_UNINITIALIZED_AUTOS = YES_AGGRESSIVE;
				GCC_WARN_UNUSED_FUNCTION = YES;
				GCC_WARN_UNUSED_VARIABLE = YES;
				IPHONEOS_DEPLOYMENT_TARGET = 14.4;
				MTL_ENABLE_DEBUG_INFO = NO;
				MTL_FAST_MATH = YES;
				SDKROOT = iphoneos;
				SWIFT_COMPILATION_MODE = wholemodule;
				SWIFT_OPTIMIZATION_LEVEL = "-O";
				VALIDATE_PRODUCT = YES;
			};
			name = Release;
		};
		DD658A2425F0DD0F00DF6882 /* Debug */ = {
			isa = XCBuildConfiguration;
			buildSettings = {
				ASSETCATALOG_COMPILER_APPICON_NAME = AppIcon;
				ASSETCATALOG_COMPILER_GLOBAL_ACCENT_COLOR_NAME = AccentColor;
				CODE_SIGN_STYLE = Automatic;
				DEVELOPMENT_TEAM = 296LN74J9R;
				INFOPLIST_FILE = TableViewTest/Info.plist;
				LD_RUNPATH_SEARCH_PATHS = (
					"$(inherited)",
					"@executable_path/Frameworks",
				);
				PRODUCT_BUNDLE_IDENTIFIER = sj.TableViewTest;
				PRODUCT_NAME = "$(TARGET_NAME)";
				SWIFT_VERSION = 5.0;
				TARGETED_DEVICE_FAMILY = "1,2";
			};
			name = Debug;
		};
		DD658A2525F0DD0F00DF6882 /* Release */ = {
			isa = XCBuildConfiguration;
			buildSettings = {
				ASSETCATALOG_COMPILER_APPICON_NAME = AppIcon;
				ASSETCATALOG_COMPILER_GLOBAL_ACCENT_COLOR_NAME = AccentColor;
				CODE_SIGN_STYLE = Automatic;
				DEVELOPMENT_TEAM = 296LN74J9R;
				INFOPLIST_FILE = TableViewTest/Info.plist;
				LD_RUNPATH_SEARCH_PATHS = (
					"$(inherited)",
					"@executable_path/Frameworks",
				);
				PRODUCT_BUNDLE_IDENTIFIER = sj.TableViewTest;
				PRODUCT_NAME = "$(TARGET_NAME)";
				SWIFT_VERSION = 5.0;
				TARGETED_DEVICE_FAMILY = "1,2";
			};
			name = Release;
		};
/* End XCBuildConfiguration section */

/* Begin XCConfigurationList section */
		DD658A0A25F0DD0E00DF6882 /* Build configuration list for PBXProject "TableViewTest" */ = {
			isa = XCConfigurationList;
			buildConfigurations = (
				DD658A2125F0DD0F00DF6882 /* Debug */,
				DD658A2225F0DD0F00DF6882 /* Release */,
			);
			defaultConfigurationIsVisible = 0;
			defaultConfigurationName = Release;
		};
		DD658A2325F0DD0F00DF6882 /* Build configuration list for PBXNativeTarget "TableViewTest" */ = {
			isa = XCConfigurationList;
			buildConfigurations = (
				DD658A2425F0DD0F00DF6882 /* Debug */,
				DD658A2525F0DD0F00DF6882 /* Release */,
			);
			defaultConfigurationIsVisible = 0;
			defaultConfigurationName = Release;
		};
/* End XCConfigurationList section */
	};
	rootObject = DD658A0725F0DD0E00DF6882 /* Project object */;
}
