// !$*UTF8*$!
{
	archiveVersion = 1;
	classes = {
	};
	objectVersion = 50;
	objects = {

/* Begin PBXBuildFile section */
		DDED029625EE1C8700D8B8A5 /* AppDelegate.swift in Sources */ = {isa = PBXBuildFile; fileRef = DDED029525EE1C8700D8B8A5 /* AppDelegate.swift */; };
		DDED029825EE1C8700D8B8A5 /* SceneDelegate.swift in Sources */ = {isa = PBXBuildFile; fileRef = DDED029725EE1C8700D8B8A5 /* SceneDelegate.swift */; };
		DDED029A25EE1C8700D8B8A5 /* ViewController.swift in Sources */ = {isa = PBXBuildFile; fileRef = DDED029925EE1C8700D8B8A5 /* ViewController.swift */; };
		DDED029D25EE1C8700D8B8A5 /* Main.storyboard in Resources */ = {isa = PBXBuildFile; fileRef = DDED029B25EE1C8700D8B8A5 /* Main.storyboard */; };
		DDED029F25EE1C8800D8B8A5 /* Assets.xcassets in Resources */ = {isa = PBXBuildFile; fileRef = DDED029E25EE1C8800D8B8A5 /* Assets.xcassets */; };
		DDED02A225EE1C8800D8B8A5 /* LaunchScreen.storyboard in Resources */ = {isa = PBXBuildFile; fileRef = DDED02A025EE1C8800D8B8A5 /* LaunchScreen.storyboard */; };
		DDED02AE25EE3C8D00D8B8A5 /* YelloViewController.swift in Sources */ = {isa = PBXBuildFile; fileRef = DDED02AD25EE3C8D00D8B8A5 /* YelloViewController.swift */; };
		DDED02B525EE426700D8B8A5 /* FirstViewController.swift in Sources */ = {isa = PBXBuildFile; fileRef = DDED02B425EE426700D8B8A5 /* FirstViewController.swift */; };
		DDED02B825EE427A00D8B8A5 /* ResultViewController.swift in Sources */ = {isa = PBXBuildFile; fileRef = DDED02B725EE427A00D8B8A5 /* ResultViewController.swift */; };
/* End PBXBuildFile section */

/* Begin PBXFileReference section */
		DDED029225EE1C8700D8B8A5 /* test2.app */ = {isa = PBXFileReference; explicitFileType = wrapper.application; includeInIndex = 0; path = test2.app; sourceTree = BUILT_PRODUCTS_DIR; };
		DDED029525EE1C8700D8B8A5 /* AppDelegate.swift */ = {isa = PBXFileReference; lastKnownFileType = sourcecode.swift; path = AppDelegate.swift; sourceTree = "<group>"; };
		DDED029725EE1C8700D8B8A5 /* SceneDelegate.swift */ = {isa = PBXFileReference; lastKnownFileType = sourcecode.swift; path = SceneDelegate.swift; sourceTree = "<group>"; };
		DDED029925EE1C8700D8B8A5 /* ViewController.swift */ = {isa = PBXFileReference; lastKnownFileType = sourcecode.swift; path = ViewController.swift; sourceTree = "<group>"; };
		DDED029C25EE1C8700D8B8A5 /* Base */ = {isa = PBXFileReference; lastKnownFileType = file.storyboard; name = Base; path = Base.lproj/Main.storyboard; sourceTree = "<group>"; };
		DDED029E25EE1C8800D8B8A5 /* Assets.xcassets */ = {isa = PBXFileReference; lastKnownFileType = folder.assetcatalog; path = Assets.xcassets; sourceTree = "<group>"; };
		DDED02A125EE1C8800D8B8A5 /* Base */ = {isa = PBXFileReference; lastKnownFileType = file.storyboard; name = Base; path = Base.lproj/LaunchScreen.storyboard; sourceTree = "<group>"; };
		DDED02A325EE1C8800D8B8A5 /* Info.plist */ = {isa = PBXFileReference; lastKnownFileType = text.plist.xml; path = Info.plist; sourceTree = "<group>"; };
		DDED02AD25EE3C8D00D8B8A5 /* YelloViewController.swift */ = {isa = PBXFileReference; lastKnownFileType = sourcecode.swift; path = YelloViewController.swift; sourceTree = "<group>"; };
		DDED02B425EE426700D8B8A5 /* FirstViewController.swift */ = {isa = PBXFileReference; lastKnownFileType = sourcecode.swift; path = FirstViewController.swift; sourceTree = "<group>"; };
		DDED02B725EE427A00D8B8A5 /* ResultViewController.swift */ = {isa = PBXFileReference; lastKnownFileType = sourcecode.swift; path = ResultViewController.swift; sourceTree = "<group>"; };
/* End PBXFileReference section */

/* Begin PBXFrameworksBuildPhase section */
		DDED028F25EE1C8700D8B8A5 /* Frameworks */ = {
			isa = PBXFrameworksBuildPhase;
			buildActionMask = 2147483647;
			files = (
			);
			runOnlyForDeploymentPostprocessing = 0;
		};
/* End PBXFrameworksBuildPhase section */

/* Begin PBXGroup section */
		DDED028925EE1C8700D8B8A5 = {
			isa = PBXGroup;
			children = (
				DDED02AD25EE3C8D00D8B8A5 /* YelloViewController.swift */,
				DDED029425EE1C8700D8B8A5 /* test2 */,
				DDED029325EE1C8700D8B8A5 /* Products */,
			);
			sourceTree = "<group>";
		};
		DDED029325EE1C8700D8B8A5 /* Products */ = {
			isa = PBXGroup;
			children = (
				DDED029225EE1C8700D8B8A5 /* test2.app */,
			);
			name = Products;
			sourceTree = "<group>";
		};
		DDED029425EE1C8700D8B8A5 /* test2 */ = {
			isa = PBXGroup;
			children = (
				DDED029525EE1C8700D8B8A5 /* AppDelegate.swift */,
				DDED029725EE1C8700D8B8A5 /* SceneDelegate.swift */,
				DDED029925EE1C8700D8B8A5 /* ViewController.swift */,
				DDED029B25EE1C8700D8B8A5 /* Main.storyboard */,
				DDED02B425EE426700D8B8A5 /* FirstViewController.swift */,
				DDED02B725EE427A00D8B8A5 /* ResultViewController.swift */,
				DDED029E25EE1C8800D8B8A5 /* Assets.xcassets */,
				DDED02A025EE1C8800D8B8A5 /* LaunchScreen.storyboard */,
				DDED02A325EE1C8800D8B8A5 /* Info.plist */,
			);
			path = test2;
			sourceTree = "<group>";
		};
/* End PBXGroup section */

/* Begin PBXNativeTarget section */
		DDED029125EE1C8700D8B8A5 /* test2 */ = {
			isa = PBXNativeTarget;
			buildConfigurationList = DDED02A625EE1C8800D8B8A5 /* Build configuration list for PBXNativeTarget "test2" */;
			buildPhases = (
				DDED028E25EE1C8700D8B8A5 /* Sources */,
				DDED028F25EE1C8700D8B8A5 /* Frameworks */,
				DDED029025EE1C8700D8B8A5 /* Resources */,
			);
			buildRules = (
			);
			dependencies = (
			);
			name = test2;
			productName = test2;
			productReference = DDED029225EE1C8700D8B8A5 /* test2.app */;
			productType = "com.apple.product-type.application";
		};
/* End PBXNativeTarget section */

/* Begin PBXProject section */
		DDED028A25EE1C8700D8B8A5 /* Project object */ = {
			isa = PBXProject;
			attributes = {
				LastSwiftUpdateCheck = 1240;
				LastUpgradeCheck = 1240;
				TargetAttributes = {
					DDED029125EE1C8700D8B8A5 = {
						CreatedOnToolsVersion = 12.4;
					};
				};
			};
			buildConfigurationList = DDED028D25EE1C8700D8B8A5 /* Build configuration list for PBXProject "test2" */;
			compatibilityVersion = "Xcode 9.3";
			developmentRegion = en;
			hasScannedForEncodings = 0;
			knownRegions = (
				en,
				Base,
			);
			mainGroup = DDED028925EE1C8700D8B8A5;
			productRefGroup = DDED029325EE1C8700D8B8A5 /* Products */;
			projectDirPath = "";
			projectRoot = "";
			targets = (
				DDED029125EE1C8700D8B8A5 /* test2 */,
			);
		};
/* End PBXProject section */

/* Begin PBXResourcesBuildPhase section */
		DDED029025EE1C8700D8B8A5 /* Resources */ = {
			isa = PBXResourcesBuildPhase;
			buildActionMask = 2147483647;
			files = (
				DDED02A225EE1C8800D8B8A5 /* LaunchScreen.storyboard in Resources */,
				DDED029F25EE1C8800D8B8A5 /* Assets.xcassets in Resources */,
				DDED029D25EE1C8700D8B8A5 /* Main.storyboard in Resources */,
			);
			runOnlyForDeploymentPostprocessing = 0;
		};
/* End PBXResourcesBuildPhase section */

/* Begin PBXSourcesBuildPhase section */
		DDED028E25EE1C8700D8B8A5 /* Sources */ = {
			isa = PBXSourcesBuildPhase;
			buildActionMask = 2147483647;
			files = (
				DDED02B525EE426700D8B8A5 /* FirstViewController.swift in Sources */,
				DDED02AE25EE3C8D00D8B8A5 /* YelloViewController.swift in Sources */,
				DDED029A25EE1C8700D8B8A5 /* ViewController.swift in Sources */,
				DDED029625EE1C8700D8B8A5 /* AppDelegate.swift in Sources */,
				DDED029825EE1C8700D8B8A5 /* SceneDelegate.swift in Sources */,
				DDED02B825EE427A00D8B8A5 /* ResultViewController.swift in Sources */,
			);
			runOnlyForDeploymentPostprocessing = 0;
		};
/* End PBXSourcesBuildPhase section */

/* Begin PBXVariantGroup section */
		DDED029B25EE1C8700D8B8A5 /* Main.storyboard */ = {
			isa = PBXVariantGroup;
			children = (
				DDED029C25EE1C8700D8B8A5 /* Base */,
			);
			name = Main.storyboard;
			sourceTree = "<group>";
		};
		DDED02A025EE1C8800D8B8A5 /* LaunchScreen.storyboard */ = {
			isa = PBXVariantGroup;
			children = (
				DDED02A125EE1C8800D8B8A5 /* Base */,
			);
			name = LaunchScreen.storyboard;
			sourceTree = "<group>";
		};
/* End PBXVariantGroup section */

/* Begin XCBuildConfiguration section */
		DDED02A425EE1C8800D8B8A5 /* Debug */ = {
			isa = XCBuildConfiguration;
			buildSettings = {
				ALWAYS_SEARCH_USER_PATHS = NO;
				CLANG_ANALYZER_NONNULL = YES;
				CLANG_ANALYZER_NUMBER_OBJECT_CONVERSION = YES_AGGRESSIVE;
				CLANG_CXX_LANGUAGE_STANDARD = "gnu++14";
				CLANG_CXX_LIBRARY = "libc++";
				CLANG_ENABLE_MODULES = YES;
				CLANG_ENABLE_OBJC_ARC = YES;
				CLANG_ENABLE_OBJC_WEAK = YES;
				CLANG_WARN_BLOCK_CAPTURE_AUTORELEASING = YES;
				CLANG_WARN_BOOL_CONVERSION = YES;
				CLANG_WARN_COMMA = YES;
				CLANG_WARN_CONSTANT_CONVERSION = YES;
				CLANG_WARN_DEPRECATED_OBJC_IMPLEMENTATIONS = YES;
				CLANG_WARN_DIRECT_OBJC_ISA_USAGE = YES_ERROR;
				CLANG_WARN_DOCUMENTATION_COMMENTS = YES;
				CLANG_WARN_EMPTY_BODY = YES;
				CLANG_WARN_ENUM_CONVERSION = YES;
				CLANG_WARN_INFINITE_RECURSION = YES;
				CLANG_WARN_INT_CONVERSION = YES;
				CLANG_WARN_NON_LITERAL_NULL_CONVERSION = YES;
				CLANG_WARN_OBJC_IMPLICIT_RETAIN_SELF = YES;
				CLANG_WARN_OBJC_LITERAL_CONVERSION = YES;
				CLANG_WARN_OBJC_ROOT_CLASS = YES_ERROR;
				CLANG_WARN_QUOTED_INCLUDE_IN_FRAMEWORK_HEADER = YES;
				CLANG_WARN_RANGE_LOOP_ANALYSIS = YES;
				CLANG_WARN_STRICT_PROTOTYPES = YES;
				CLANG_WARN_SUSPICIOUS_MOVE = YES;
				CLANG_WARN_UNGUARDED_AVAILABILITY = YES_AGGRESSIVE;
				CLANG_WARN_UNREACHABLE_CODE = YES;
				CLANG_WARN__DUPLICATE_METHOD_MATCH = YES;
				COPY_PHASE_STRIP = NO;
				DEBUG_INFORMATION_FORMAT = dwarf;
				ENABLE_STRICT_OBJC_MSGSEND = YES;
				ENABLE_TESTABILITY = YES;
				GCC_C_LANGUAGE_STANDARD = gnu11;
				GCC_DYNAMIC_NO_PIC = NO;
				GCC_NO_COMMON_BLOCKS = YES;
				GCC_OPTIMIZATION_LEVEL = 0;
				GCC_PREPROCESSOR_DEFINITIONS = (
					"DEBUG=1",
					"$(inherited)",
				);
				GCC_WARN_64_TO_32_BIT_CONVERSION = YES;
				GCC_WARN_ABOUT_RETURN_TYPE = YES_ERROR;
				GCC_WARN_UNDECLARED_SELECTOR = YES;
				GCC_WARN_UNINITIALIZED_AUTOS = YES_AGGRESSIVE;
				GCC_WARN_UNUSED_FUNCTION = YES;
				GCC_WARN_UNUSED_VARIABLE = YES;
				IPHONEOS_DEPLOYMENT_TARGET = 14.4;
				MTL_ENABLE_DEBUG_INFO = INCLUDE_SOURCE;
				MTL_FAST_MATH = YES;
				ONLY_ACTIVE_ARCH = YES;
				SDKROOT = iphoneos;
				SWIFT_ACTIVE_COMPILATION_CONDITIONS = DEBUG;
				SWIFT_OPTIMIZATION_LEVEL = "-Onone";
			};
			name = Debug;
		};
		DDED02A525EE1C8800D8B8A5 /* Release */ = {
			isa = XCBuildConfiguration;
			buildSettings = {
				ALWAYS_SEARCH_USER_PATHS = NO;
				CLANG_ANALYZER_NONNULL = YES;
				CLANG_ANALYZER_NUMBER_OBJECT_CONVERSION = YES_AGGRESSIVE;
				CLANG_CXX_LANGUAGE_STANDARD = "gnu++14";
				CLANG_CXX_LIBRARY = "libc++";
				CLANG_ENABLE_MODULES = YES;
				CLANG_ENABLE_OBJC_ARC = YES;
				CLANG_ENABLE_OBJC_WEAK = YES;
				CLANG_WARN_BLOCK_CAPTURE_AUTORELEASING = YES;
				CLANG_WARN_BOOL_CONVERSION = YES;
				CLANG_WARN_COMMA = YES;
				CLANG_WARN_CONSTANT_CONVERSION = YES;
				CLANG_WARN_DEPRECATED_OBJC_IMPLEMENTATIONS = YES;
				CLANG_WARN_DIRECT_OBJC_ISA_USAGE = YES_ERROR;
				CLANG_WARN_DOCUMENTATION_COMMENTS = YES;
				CLANG_WARN_EMPTY_BODY = YES;
				CLANG_WARN_ENUM_CONVERSION = YES;
				CLANG_WARN_INFINITE_RECURSION = YES;
				CLANG_WARN_INT_CONVERSION = YES;
				CLANG_WARN_NON_LITERAL_NULL_CONVERSION = YES;
				CLANG_WARN_OBJC_IMPLICIT_RETAIN_SELF = YES;
				CLANG_WARN_OBJC_LITERAL_CONVERSION = YES;
				CLANG_WARN_OBJC_ROOT_CLASS = YES_ERROR;
				CLANG_WARN_QUOTED_INCLUDE_IN_FRAMEWORK_HEADER = YES;
				CLANG_WARN_RANGE_LOOP_ANALYSIS = YES;
				CLANG_WARN_STRICT_PROTOTYPES = YES;
				CLANG_WARN_SUSPICIOUS_MOVE = YES;
				CLANG_WARN_UNGUARDED_AVAILABILITY = YES_AGGRESSIVE;
				CLANG_WARN_UNREACHABLE_CODE = YES;
				CLANG_WARN__DUPLICATE_METHOD_MATCH = YES;
				COPY_PHASE_STRIP = NO;
				DEBUG_INFORMATION_FORMAT = "dwarf-with-dsym";
				ENABLE_NS_ASSERTIONS = NO;
				ENABLE_STRICT_OBJC_MSGSEND = YES;
				GCC_C_LANGUAGE_STANDARD = gnu11;
				GCC_NO_COMMON_BLOCKS = YES;
				GCC_WARN_64_TO_32_BIT_CONVERSION = YES;
				GCC_WARN_ABOUT_RETURN_TYPE = YES_ERROR;
				GCC_WARN_UNDECLARED_SELECTOR = YES;
				GCC_WARN_UNINITIALIZED_AUTOS = YES_AGGRESSIVE;
				GCC_WARN_UNUSED_FUNCTION = YES;
				GCC_WARN_UNUSED_VARIABLE = YES;
				IPHONEOS_DEPLOYMENT_TARGET = 14.4;
				MTL_ENABLE_DEBUG_INFO = NO;
				MTL_FAST_MATH = YES;
				SDKROOT = iphoneos;
				SWIFT_COMPILATION_MODE = wholemodule;
				SWIFT_OPTIMIZATION_LEVEL = "-O";
				VALIDATE_PRODUCT = YES;
			};
			name = Release;
		};
		DDED02A725EE1C8800D8B8A5 /* Debug */ = {
			isa = XCBuildConfiguration;
			buildSettings = {
				ASSETCATALOG_COMPILER_APPICON_NAME = AppIcon;
				ASSETCATALOG_COMPILER_GLOBAL_ACCENT_COLOR_NAME = AccentColor;
				CODE_SIGN_STYLE = Automatic;
				DEVELOPMENT_TEAM = 296LN74J9R;
				INFOPLIST_FILE = test2/Info.plist;
				LD_RUNPATH_SEARCH_PATHS = (
					"$(inherited)",
					"@executable_path/Frameworks",
				);
				PRODUCT_BUNDLE_IDENTIFIER = sj.test2;
				PRODUCT_NAME = "$(TARGET_NAME)";
				SWIFT_VERSION = 5.0;
				TARGETED_DEVICE_FAMILY = "1,2";
			};
			name = Debug;
		};
		DDED02A825EE1C8800D8B8A5 /* Release */ = {
			isa = XCBuildConfiguration;
			buildSettings = {
				ASSETCATALOG_COMPILER_APPICON_NAME = AppIcon;
				ASSETCATALOG_COMPILER_GLOBAL_ACCENT_COLOR_NAME = AccentColor;
				CODE_SIGN_STYLE = Automatic;
				DEVELOPMENT_TEAM = 296LN74J9R;
				INFOPLIST_FILE = test2/Info.plist;
				LD_RUNPATH_SEARCH_PATHS = (
					"$(inherited)",
					"@executable_path/Frameworks",
				);
				PRODUCT_BUNDLE_IDENTIFIER = sj.test2;
				PRODUCT_NAME = "$(TARGET_NAME)";
				SWIFT_VERSION = 5.0;
				TARGETED_DEVICE_FAMILY = "1,2";
			};
			name = Release;
		};
/* End XCBuildConfiguration section */

/* Begin XCConfigurationList section */
		DDED028D25EE1C8700D8B8A5 /* Build configuration list for PBXProject "test2" */ = {
			isa = XCConfigurationList;
			buildConfigurations = (
				DDED02A425EE1C8800D8B8A5 /* Debug */,
				DDED02A525EE1C8800D8B8A5 /* Release */,
			);
			defaultConfigurationIsVisible = 0;
			defaultConfigurationName = Release;
		};
		DDED02A625EE1C8800D8B8A5 /* Build configuration list for PBXNativeTarget "test2" */ = {
			isa = XCConfigurationList;
			buildConfigurations = (
				DDED02A725EE1C8800D8B8A5 /* Debug */,
				DDED02A825EE1C8800D8B8A5 /* Release */,
			);
			defaultConfigurationIsVisible = 0;
			defaultConfigurationName = Release;
		};
/* End XCConfigurationList section */
	};
	rootObject = DDED028A25EE1C8700D8B8A5 /* Project object */;
}
